
Microsoft Visual Studio Solution File, Format Version 12.00
# Visual Studio Version 17
VisualStudioVersion = 17.4.33205.214
MinimumVisualStudioVersion = 10.0.40219.1
Project("{FAE04EC0-301F-11D3-BF4B-00C04F79EFBC}") = "Infinite.Core.Project", "Infinite.Core.Project\Infinite.Core.Project.csproj", "{C78BB910-89B8-478C-A79B-6F52DA2E93A7}"
EndProject
Global
	GlobalSection(SolutionConfigurationPlatforms) = preSolution
		Debug|Any CPU = Debug|Any CPU
		Release|Any CPU = Release|Any CPU
	EndGlobalSection
	GlobalSection(ProjectConfigurationPlatforms) = postSolution
		{C78BB910-89B8-478C-A79B-6F52DA2E93A7}.Debug|Any CPU.ActiveCfg = Debug|Any CPU
		{C78BB910-89B8-478C-A79B-6F52DA2E93A7}.Debug|Any CPU.Build.0 = Debug|Any CPU
		{C78BB910-89B8-478C-A79B-6F52DA2E93A7}.Release|Any CPU.ActiveCfg = Release|Any CPU
		{C78BB910-89B8-478C-A79B-6F52DA2E93A7}.Release|Any CPU.Build.0 = Release|Any CPU
	EndGlobalSection
	GlobalSection(SolutionProperties) = preSolution
		HideSolutionNode = FALSE
	EndGlobalSection
	GlobalSection(ExtensibilityGlobals) = postSolution
		SolutionGuid = {F6C6EA8C-6422-4974-A188-EE9F4C2AD6EB}
	EndGlobalSection
EndGlobal
